
Microsoft Visual Studio Solution File, Format Version 12.00
# Visual Studio Version 17
VisualStudioVersion = 17.7.33808.371
MinimumVisualStudioVersion = 10.0.40219.1
Project("{FAE04EC0-301F-11D3-BF4B-00C04F79EFBC}") = "eTickets", "eTickets\eTickets.csproj", "{B59FABC8-0491-4A69-9288-25D643C92214}"
EndProject
Global
	GlobalSection(SolutionConfigurationPlatforms) = preSolution
		Debug|Any CPU = Debug|Any CPU
		Release|Any CPU = Release|Any CPU
	EndGlobalSection
	GlobalSection(ProjectConfigurationPlatforms) = postSolution
		{B59FABC8-0491-4A69-9288-25D643C92214}.Debug|Any CPU.ActiveCfg = Debug|Any CPU
		{B59FABC8-0491-4A69-9288-25D643C92214}.Debug|Any CPU.Build.0 = Debug|Any CPU
		{B59FABC8-0491-4A69-9288-25D643C92214}.Release|Any CPU.ActiveCfg = Release|Any CPU
		{B59FABC8-0491-4A69-9288-25D643C92214}.Release|Any CPU.Build.0 = Release|Any CPU
	EndGlobalSection
	GlobalSection(SolutionProperties) = preSolution
		HideSolutionNode = FALSE
	EndGlobalSection
	GlobalSection(ExtensibilityGlobals) = postSolution
		SolutionGuid = {821D6E3F-AC0A-459D-AD91-349B08D10AB4}
	EndGlobalSection
EndGlobal
